
Microsoft Visual Studio Solution File, Format Version 12.00
# Visual Studio Version 16
VisualStudioVersion = 16.0.31729.503
MinimumVisualStudioVersion = 10.0.40219.1
Project("{8BC9CEB8-8B4A-11D0-8D11-00A0C91BC942}") = "ServicesManagerCOM", "ServicesManagerCOM\ServicesManagerCOM.vcxproj", "{03D94F7C-FC61-4D69-B97F-E0D9618203D4}"
EndProject
Project("{8BC9CEB8-8B4A-11D0-8D11-00A0C91BC942}") = "ServicesManagerCOMPS", "ServicesManagerCOMPS\ServicesManagerCOMPS.vcxproj", "{CC19D6FB-7574-43C6-AC8A-04CA7A925FB8}"
	ProjectSection(ProjectDependencies) = postProject
		{03D94F7C-FC61-4D69-B97F-E0D9618203D4} = {03D94F7C-FC61-4D69-B97F-E0D9618203D4}
	EndProjectSection
EndProject
Project("{FAE04EC0-301F-11D3-BF4B-00C04F79EFBC}") = "Forms_COM", "Forms_COM\Forms_COM\Forms_COM.csproj", "{C447303E-0D6B-4133-9C70-D207AD0B9062}"
EndProject
Project("{2150E333-8FDC-42A3-9474-1A3956D46DE8}") = "Solution Items", "Solution Items", "{BC45F545-046C-4055-BE2E-B40A25CB4953}"
	ProjectSection(SolutionItems) = preProject
		Example_PythonClientCOM.jpg = Example_PythonClientCOM.jpg
		Releases\Forms_COM.exe = Releases\Forms_COM.exe
		Releases\ServicesManagerCOM.dll = Releases\ServicesManagerCOM.dll
	EndProjectSection
EndProject
Global
	GlobalSection(SolutionConfigurationPlatforms) = preSolution
		Debug|Any CPU = Debug|Any CPU
		Debug|x64 = Debug|x64
		Debug|x86 = Debug|x86
		Release|Any CPU = Release|Any CPU
		Release|x64 = Release|x64
		Release|x86 = Release|x86
	EndGlobalSection
	GlobalSection(ProjectConfigurationPlatforms) = postSolution
		{03D94F7C-FC61-4D69-B97F-E0D9618203D4}.Debug|Any CPU.ActiveCfg = Debug|Win32
		{03D94F7C-FC61-4D69-B97F-E0D9618203D4}.Debug|x64.ActiveCfg = Debug|x64
		{03D94F7C-FC61-4D69-B97F-E0D9618203D4}.Debug|x64.Build.0 = Debug|x64
		{03D94F7C-FC61-4D69-B97F-E0D9618203D4}.Debug|x86.ActiveCfg = Debug|Win32
		{03D94F7C-FC61-4D69-B97F-E0D9618203D4}.Debug|x86.Build.0 = Debug|Win32
		{03D94F7C-FC61-4D69-B97F-E0D9618203D4}.Release|Any CPU.ActiveCfg = Release|Win32
		{03D94F7C-FC61-4D69-B97F-E0D9618203D4}.Release|x64.ActiveCfg = Release|x64
		{03D94F7C-FC61-4D69-B97F-E0D9618203D4}.Release|x64.Build.0 = Release|x64
		{03D94F7C-FC61-4D69-B97F-E0D9618203D4}.Release|x86.ActiveCfg = Release|Win32
		{03D94F7C-FC61-4D69-B97F-E0D9618203D4}.Release|x86.Build.0 = Release|Win32
		{CC19D6FB-7574-43C6-AC8A-04CA7A925FB8}.Debug|Any CPU.ActiveCfg = Debug|Win32
		{CC19D6FB-7574-43C6-AC8A-04CA7A925FB8}.Debug|x64.ActiveCfg = Debug|x64
		{CC19D6FB-7574-43C6-AC8A-04CA7A925FB8}.Debug|x86.ActiveCfg = Debug|Win32
		{CC19D6FB-7574-43C6-AC8A-04CA7A925FB8}.Release|Any CPU.ActiveCfg = Release|Win32
		{CC19D6FB-7574-43C6-AC8A-04CA7A925FB8}.Release|x64.ActiveCfg = Release|x64
		{CC19D6FB-7574-43C6-AC8A-04CA7A925FB8}.Release|x86.ActiveCfg = Release|Win32
		{C447303E-0D6B-4133-9C70-D207AD0B9062}.Debug|Any CPU.ActiveCfg = Debug|Any CPU
		{C447303E-0D6B-4133-9C70-D207AD0B9062}.Debug|Any CPU.Build.0 = Debug|Any CPU
		{C447303E-0D6B-4133-9C70-D207AD0B9062}.Debug|x64.ActiveCfg = Debug|Any CPU
		{C447303E-0D6B-4133-9C70-D207AD0B9062}.Debug|x64.Build.0 = Debug|Any CPU
		{C447303E-0D6B-4133-9C70-D207AD0B9062}.Debug|x86.ActiveCfg = Debug|Any CPU
		{C447303E-0D6B-4133-9C70-D207AD0B9062}.Debug|x86.Build.0 = Debug|Any CPU
		{C447303E-0D6B-4133-9C70-D207AD0B9062}.Release|Any CPU.ActiveCfg = Release|Any CPU
		{C447303E-0D6B-4133-9C70-D207AD0B9062}.Release|Any CPU.Build.0 = Release|Any CPU
		{C447303E-0D6B-4133-9C70-D207AD0B9062}.Release|x64.ActiveCfg = Release|Any CPU
		{C447303E-0D6B-4133-9C70-D207AD0B9062}.Release|x64.Build.0 = Release|Any CPU
		{C447303E-0D6B-4133-9C70-D207AD0B9062}.Release|x86.ActiveCfg = Release|Any CPU
		{C447303E-0D6B-4133-9C70-D207AD0B9062}.Release|x86.Build.0 = Release|Any CPU
	EndGlobalSection
	GlobalSection(SolutionProperties) = preSolution
		HideSolutionNode = FALSE
	EndGlobalSection
	GlobalSection(ExtensibilityGlobals) = postSolution
		SolutionGuid = {21076B21-A99C-4ACA-9AE9-48F2CB9C3D06}
	EndGlobalSection
EndGlobal
