
Microsoft Visual Studio Solution File, Format Version 12.00
# Visual Studio Version 16
VisualStudioVersion = 16.0.31729.503
MinimumVisualStudioVersion = 10.0.40219.1
Project("{FAE04EC0-301F-11D3-BF4B-00C04F79EFBC}") = "Forms_COM", "Forms_COM\Forms_COM.csproj", "{C447303E-0D6B-4133-9C70-D207AD0B9062}"
EndProject
Global
	GlobalSection(SolutionConfigurationPlatforms) = preSolution
		Debug|Any CPU = Debug|Any CPU
		Release|Any CPU = Release|Any CPU
	EndGlobalSection
	GlobalSection(ProjectConfigurationPlatforms) = postSolution
		{C447303E-0D6B-4133-9C70-D207AD0B9062}.Debug|Any CPU.ActiveCfg = Debug|Any CPU
		{C447303E-0D6B-4133-9C70-D207AD0B9062}.Debug|Any CPU.Build.0 = Debug|Any CPU
		{C447303E-0D6B-4133-9C70-D207AD0B9062}.Release|Any CPU.ActiveCfg = Release|Any CPU
		{C447303E-0D6B-4133-9C70-D207AD0B9062}.Release|Any CPU.Build.0 = Release|Any CPU
	EndGlobalSection
	GlobalSection(SolutionProperties) = preSolution
		HideSolutionNode = FALSE
	EndGlobalSection
	GlobalSection(ExtensibilityGlobals) = postSolution
		SolutionGuid = {D05D53FF-0275-4F2A-B12E-287650045C0D}
	EndGlobalSection
EndGlobal
